{
  "version": 4,
  "terraform_version": "0.13.4",
  "serial": 490,
  "lineage": "91f6d414-1751-a54e-5b46-1f0121cbd45c",
  "outputs": {},
  "resources": [
    {
      "module": "module.aws_ec2",
      "mode": "managed",
      "type": "aws_instance",
      "name": "Instances",
      "provider": "module.aws_ec2.provider[\"registry.terraform.io/hashicorp/aws\"]",
      "instances": [
        {
          "index_key": 0,
          "schema_version": 1,
          "attributes": {
            "ami": "ami-09a1e275e350acf38",
            "arn": "arn:aws:ec2:eu-west-2:916154429211:instance/i-0c4d3639925b58e17",
            "associate_public_ip_address": true,
            "availability_zone": "eu-west-2b",
            "cpu_core_count": 1,
            "cpu_threads_per_core": 1,
            "credit_specification": [
              {
                "cpu_credits": "standard"
              }
            ],
            "disable_api_termination": false,
            "ebs_block_device": [],
            "ebs_optimized": false,
            "ephemeral_block_device": [],
            "get_password_data": false,
            "hibernation": false,
            "host_id": null,
            "iam_instance_profile": "",
            "id": "i-0c4d3639925b58e17",
            "instance_initiated_shutdown_behavior": null,
            "instance_state": "running",
            "instance_type": "t2.micro",
            "ipv6_address_count": 0,
            "ipv6_addresses": [],
            "key_name": "ansible-jenkins",
            "metadata_options": [
              {
                "http_endpoint": "enabled",
                "http_put_response_hop_limit": 1,
                "http_tokens": "optional"
              }
            ],
            "monitoring": false,
            "network_interface": [],
            "network_interface_id": null,
            "outpost_arn": "",
            "password_data": "",
            "placement_group": "",
            "primary_network_interface_id": "eni-05bb99bbeacab28c1",
            "private_dns": "ip-10-0-1-79.eu-west-2.compute.internal",
            "private_ip": "10.0.1.79",
            "public_dns": "ec2-18-130-76-153.eu-west-2.compute.amazonaws.com",
            "public_ip": "18.130.76.153",
            "root_block_device": [
              {
                "delete_on_termination": true,
                "device_name": "/dev/sda1",
                "encrypted": false,
                "iops": 100,
                "kms_key_id": "",
                "volume_id": "vol-02aeb69ccf03a4736",
                "volume_size": 8,
                "volume_type": "gp2"
              }
            ],
            "security_groups": [],
            "source_dest_check": true,
            "subnet_id": "subnet-0edd07884eb30e179",
            "tags": {
              "Name": "Jenkins"
            },
            "tenancy": "default",
            "timeouts": null,
            "user_data": null,
            "user_data_base64": null,
            "volume_tags": {},
            "vpc_security_group_ids": [
              "sg-0cc525f065ed681cb"
            ]
          },
          "private": "eyJlMmJmYjczMC1lY2FhLTExZTYtOGY4OC0zNDM2M2JjN2M0YzAiOnsiY3JlYXRlIjo2MDAwMDAwMDAwMDAsImRlbGV0ZSI6MTIwMDAwMDAwMDAwMCwidXBkYXRlIjo2MDAwMDAwMDAwMDB9LCJzY2hlbWFfdmVyc2lvbiI6IjEifQ==",
          "create_before_destroy": true
        },
        {
          "index_key": 0,
          "status": "tainted",
          "deposed": "b4f480a8",
          "schema_version": 1,
          "attributes": null,
          "private": "eyJlMmJmYjczMC1lY2FhLTExZTYtOGY4OC0zNDM2M2JjN2M0YzAiOnsiY3JlYXRlIjo2MDAwMDAwMDAwMDAsImRlbGV0ZSI6MTIwMDAwMDAwMDAwMCwidXBkYXRlIjo2MDAwMDAwMDAwMDB9LCJzY2hlbWFfdmVyc2lvbiI6IjEifQ==",
          "create_before_destroy": true
        },
        {
          "index_key": 1,
          "schema_version": 1,
          "attributes": {
            "ami": "ami-09a1e275e350acf38",
            "arn": "arn:aws:ec2:eu-west-2:916154429211:instance/i-0297742e1d1956f9e",
            "associate_public_ip_address": true,
            "availability_zone": "eu-west-2b",
            "cpu_core_count": 1,
            "cpu_threads_per_core": 1,
            "credit_specification": [
              {
                "cpu_credits": "standard"
              }
            ],
            "disable_api_termination": false,
            "ebs_block_device": [],
            "ebs_optimized": false,
            "ephemeral_block_device": [],
            "get_password_data": false,
            "hibernation": false,
            "host_id": null,
            "iam_instance_profile": "",
            "id": "i-0297742e1d1956f9e",
            "instance_initiated_shutdown_behavior": null,
            "instance_state": "running",
            "instance_type": "t2.micro",
            "ipv6_address_count": 0,
            "ipv6_addresses": [],
            "key_name": "ansible-jenkins",
            "metadata_options": [
              {
                "http_endpoint": "enabled",
                "http_put_response_hop_limit": 1,
                "http_tokens": "optional"
              }
            ],
            "monitoring": false,
            "network_interface": [],
            "network_interface_id": null,
            "outpost_arn": "",
            "password_data": "",
            "placement_group": "",
            "primary_network_interface_id": "eni-03c528abc49a9718f",
            "private_dns": "ip-10-0-0-104.eu-west-2.compute.internal",
            "private_ip": "10.0.0.104",
            "public_dns": "ec2-18-134-181-141.eu-west-2.compute.amazonaws.com",
            "public_ip": "18.134.181.141",
            "root_block_device": [
              {
                "delete_on_termination": true,
                "device_name": "/dev/sda1",
                "encrypted": false,
                "iops": 100,
                "kms_key_id": "",
                "volume_id": "vol-01ff6a9be9bde417a",
                "volume_size": 8,
                "volume_type": "gp2"
              }
            ],
            "security_groups": [],
            "source_dest_check": true,
            "subnet_id": "subnet-0adfe0c49dfad23f7",
            "tags": {
              "Name": "Deployment"
            },
            "tenancy": "default",
            "timeouts": null,
            "user_data": null,
            "user_data_base64": null,
            "volume_tags": {},
            "vpc_security_group_ids": [
              "sg-0cc525f065ed681cb"
            ]
          },
          "private": "eyJlMmJmYjczMC1lY2FhLTExZTYtOGY4OC0zNDM2M2JjN2M0YzAiOnsiY3JlYXRlIjo2MDAwMDAwMDAwMDAsImRlbGV0ZSI6MTIwMDAwMDAwMDAwMCwidXBkYXRlIjo2MDAwMDAwMDAwMDB9LCJzY2hlbWFfdmVyc2lvbiI6IjEifQ==",
          "create_before_destroy": true
        },
        {
          "index_key": 1,
          "status": "tainted",
          "deposed": "bbf96601",
          "schema_version": 1,
          "attributes": null,
          "private": "eyJlMmJmYjczMC1lY2FhLTExZTYtOGY4OC0zNDM2M2JjN2M0YzAiOnsiY3JlYXRlIjo2MDAwMDAwMDAwMDAsImRlbGV0ZSI6MTIwMDAwMDAwMDAwMCwidXBkYXRlIjo2MDAwMDAwMDAwMDB9LCJzY2hlbWFfdmVyc2lvbiI6IjEifQ==",
          "create_before_destroy": true
        }
      ]
    },
    {
      "module": "module.aws_ec2",
      "mode": "managed",
      "type": "aws_key_pair",
      "name": "demo_key",
      "provider": "module.aws_ec2.provider[\"registry.terraform.io/hashicorp/aws\"]",
      "instances": [
        {
          "schema_version": 1,
          "attributes": {
            "arn": "arn:aws:ec2:eu-west-2:916154429211:key-pair/myPublicKey",
            "fingerprint": "fe:c5:28:33:6e:e4:3a:86:ff:52:29:1e:27:75:da:87",
            "id": "myPublicKey",
            "key_name": "myPublicKey",
            "key_name_prefix": null,
            "key_pair_id": "key-0de7ef54a51e2e1a7",
            "public_key": "ssh-rsa AAAAB3NzaC1yc2EAAAADAQABAAABgQC5sJcgRWc3XmNo8vZu7vdoAK+hIKzaNFg3Vn+fwD66HxpGDbtXD/YCN4PaNPK1eS+oONGwfYm4dEFdER9DvHAh7ZjuKCzD3NgodVqqV0CORc8vtMmmLr3UX+whR61wSiv6Uc/3z4s9gPdPrgsgn03Oa0Jy64QEjCucojXenzn1RyEHjV4uD7JGNhl/M88uLK4SvgBUgk8ykdFVz5WE1q6DYpSQS8/U6DqjPNjrYkuPdc3Ub5ab91mAe6jRBTjUFfN4cterTk5d2Y/S61eNmIc5rfniKK5CuQFkLx27O0BZMq/2tuouJ3zQc5aoOpbeXPnMnQdoh3W2LZqrF8HzGh2iQcAjMQ6MQTUAcrnxDRHyyt98ARmldgK7YbPkJDM08hzh/TY6gE5Wy5+eqh0Ts8jcCmLbhvimmNAiyFXhyA3Vz8+avMJIIwAhBEZmn91Nqi7d8hORquiEL0bprXX9MQb3vy6HFIigrpalPVc/546OcXLhz5dv1zZCuWekaQF6NnE= palinhesosilva@gmail.com",
            "tags": null
          },
          "private": "eyJzY2hlbWFfdmVyc2lvbiI6IjEifQ=="
        }
      ]
    },
    {
      "module": "module.aws_ec2",
      "mode": "managed",
      "type": "local_file",
      "name": "ansible_inventory",
      "provider": "provider[\"registry.terraform.io/hashicorp/local\"]",
      "instances": [
        {
          "schema_version": 0,
          "attributes": {
            "content": "[jenkins]\nubuntu@ec2-18-130-76-153.eu-west-2.compute.amazonaws.com\n\n[testVM]\nubuntu@ec2-18-134-181-141.eu-west-2.compute.amazonaws.com\n\n[all:vars]\nansible_ssh_private_key_file=\"./ansible-jenkins.pem\"\nansible_ssh_common_args='-o StrictHostKeyChecking=no'\nansible_python_interpreter=\"/usr/bin/python3\"\n",
            "content_base64": null,
            "directory_permission": "0777",
            "file_permission": "0777",
            "filename": "inventory.ini",
            "id": "0241d3499c78d1436eadd1e2f5df3d16a6a95838",
            "sensitive_content": null
          },
          "private": "bnVsbA==",
          "dependencies": [
            "module.aws_ec2.aws_instance.Instances"
          ]
        }
      ]
    }
  ]
}
